
Microsoft Visual Studio Solution File, Format Version 12.00
# Visual Studio Version 16
VisualStudioVersion = 16.0.29102.190
MinimumVisualStudioVersion = 10.0.40219.1
Project("{9A19103F-16F7-4668-BE54-9A1E7A4F7556}") = "Payroll.Api", "Payroll.Api\Payroll.Api.csproj", "{8B59BA71-80A1-4BEB-BB8D-BEB6070F89B1}"
EndProject
Project("{9A19103F-16F7-4668-BE54-9A1E7A4F7556}") = "Payroll.Application", "Payroll.Application\Payroll.Application.csproj", "{939B13B5-C917-4939-86C8-803CD38E133F}"
EndProject
Global
	GlobalSection(SolutionConfigurationPlatforms) = preSolution
		Debug|Any CPU = Debug|Any CPU
		Release|Any CPU = Release|Any CPU
	EndGlobalSection
	GlobalSection(ProjectConfigurationPlatforms) = postSolution
		{8B59BA71-80A1-4BEB-BB8D-BEB6070F89B1}.Debug|Any CPU.ActiveCfg = Debug|Any CPU
		{8B59BA71-80A1-4BEB-BB8D-BEB6070F89B1}.Debug|Any CPU.Build.0 = Debug|Any CPU
		{8B59BA71-80A1-4BEB-BB8D-BEB6070F89B1}.Release|Any CPU.ActiveCfg = Release|Any CPU
		{8B59BA71-80A1-4BEB-BB8D-BEB6070F89B1}.Release|Any CPU.Build.0 = Release|Any CPU
		{939B13B5-C917-4939-86C8-803CD38E133F}.Debug|Any CPU.ActiveCfg = Debug|Any CPU
		{939B13B5-C917-4939-86C8-803CD38E133F}.Debug|Any CPU.Build.0 = Debug|Any CPU
		{939B13B5-C917-4939-86C8-803CD38E133F}.Release|Any CPU.ActiveCfg = Release|Any CPU
		{939B13B5-C917-4939-86C8-803CD38E133F}.Release|Any CPU.Build.0 = Release|Any CPU
	EndGlobalSection
	GlobalSection(SolutionProperties) = preSolution
		HideSolutionNode = FALSE
	EndGlobalSection
	GlobalSection(ExtensibilityGlobals) = postSolution
		SolutionGuid = {1C8E4191-D6D0-493C-9482-79408FE6262A}
	EndGlobalSection
EndGlobal
